
Microsoft Visual Studio Solution File, Format Version 12.00
# Visual Studio Version 17
VisualStudioVersion = 17.14.36518.9 d17.14
MinimumVisualStudioVersion = 10.0.40219.1
Project("{FAE04EC0-301F-11D3-BF4B-00C04F79EFBC}") = "Buoi01_Bai_1", "Buoi01_Bai_1\Buoi01_Bai_1.csproj", "{69C68C0C-A2D6-4AAD-A24B-D5FF78EF799D}"
EndProject
Project("{FAE04EC0-301F-11D3-BF4B-00C04F79EFBC}") = "Buoi01_Bai_2", "Buoi01_Bai_2\Buoi01_Bai_2.csproj", "{74AE9A96-3C0B-494E-95DA-00F8BEF446BA}"
EndProject
Project("{FAE04EC0-301F-11D3-BF4B-00C04F79EFBC}") = "Buoi01_Bai_3", "Buoi01_Bai_3\Buoi01_Bai_3.csproj", "{BAED7F14-FEE3-4E18-89F7-C153EBD6A15B}"
EndProject
Project("{FAE04EC0-301F-11D3-BF4B-00C04F79EFBC}") = "Buoi01_Bai_4", "Buoi01_Bai_4\Buoi01_Bai_4.csproj", "{32723395-9B55-4EAC-8CEB-417C51F0819B}"
EndProject
Project("{FAE04EC0-301F-11D3-BF4B-00C04F79EFBC}") = "Buoi01_Bai_5", "Buoi01_Bai_5\Buoi01_Bai_5.csproj", "{FFA227CD-8194-424F-BA4C-0256CD5797EA}"
EndProject
Project("{FAE04EC0-301F-11D3-BF4B-00C04F79EFBC}") = "Buoi01_Bai_6", "Buoi01_Bai_6\Buoi01_Bai_6.csproj", "{0061B3EA-0C6C-4B35-BAA4-C946337A8CFE}"
EndProject
Project("{FAE04EC0-301F-11D3-BF4B-00C04F79EFBC}") = "Buoi01_Bai_7", "Buoi01_Bai_7\Buoi01_Bai_7.csproj", "{50D33A1C-2AD2-421C-BB60-266CCE27DDF0}"
EndProject
Project("{FAE04EC0-301F-11D3-BF4B-00C04F79EFBC}") = "Buoi01_Bai_8", "Buoi01_Bai_8\Buoi01_Bai_8.csproj", "{D91B8661-6172-4A5D-AC8A-79592CB78D59}"
EndProject
Global
	GlobalSection(SolutionConfigurationPlatforms) = preSolution
		Debug|Any CPU = Debug|Any CPU
		Release|Any CPU = Release|Any CPU
	EndGlobalSection
	GlobalSection(ProjectConfigurationPlatforms) = postSolution
		{69C68C0C-A2D6-4AAD-A24B-D5FF78EF799D}.Debug|Any CPU.ActiveCfg = Debug|Any CPU
		{69C68C0C-A2D6-4AAD-A24B-D5FF78EF799D}.Debug|Any CPU.Build.0 = Debug|Any CPU
		{69C68C0C-A2D6-4AAD-A24B-D5FF78EF799D}.Release|Any CPU.ActiveCfg = Release|Any CPU
		{69C68C0C-A2D6-4AAD-A24B-D5FF78EF799D}.Release|Any CPU.Build.0 = Release|Any CPU
		{74AE9A96-3C0B-494E-95DA-00F8BEF446BA}.Debug|Any CPU.ActiveCfg = Debug|Any CPU
		{74AE9A96-3C0B-494E-95DA-00F8BEF446BA}.Debug|Any CPU.Build.0 = Debug|Any CPU
		{74AE9A96-3C0B-494E-95DA-00F8BEF446BA}.Release|Any CPU.ActiveCfg = Release|Any CPU
		{74AE9A96-3C0B-494E-95DA-00F8BEF446BA}.Release|Any CPU.Build.0 = Release|Any CPU
		{BAED7F14-FEE3-4E18-89F7-C153EBD6A15B}.Debug|Any CPU.ActiveCfg = Debug|Any CPU
		{BAED7F14-FEE3-4E18-89F7-C153EBD6A15B}.Debug|Any CPU.Build.0 = Debug|Any CPU
		{BAED7F14-FEE3-4E18-89F7-C153EBD6A15B}.Release|Any CPU.ActiveCfg = Release|Any CPU
		{BAED7F14-FEE3-4E18-89F7-C153EBD6A15B}.Release|Any CPU.Build.0 = Release|Any CPU
		{32723395-9B55-4EAC-8CEB-417C51F0819B}.Debug|Any CPU.ActiveCfg = Debug|Any CPU
		{32723395-9B55-4EAC-8CEB-417C51F0819B}.Debug|Any CPU.Build.0 = Debug|Any CPU
		{32723395-9B55-4EAC-8CEB-417C51F0819B}.Release|Any CPU.ActiveCfg = Release|Any CPU
		{32723395-9B55-4EAC-8CEB-417C51F0819B}.Release|Any CPU.Build.0 = Release|Any CPU
		{FFA227CD-8194-424F-BA4C-0256CD5797EA}.Debug|Any CPU.ActiveCfg = Debug|Any CPU
		{FFA227CD-8194-424F-BA4C-0256CD5797EA}.Debug|Any CPU.Build.0 = Debug|Any CPU
		{FFA227CD-8194-424F-BA4C-0256CD5797EA}.Release|Any CPU.ActiveCfg = Release|Any CPU
		{FFA227CD-8194-424F-BA4C-0256CD5797EA}.Release|Any CPU.Build.0 = Release|Any CPU
		{0061B3EA-0C6C-4B35-BAA4-C946337A8CFE}.Debug|Any CPU.ActiveCfg = Debug|Any CPU
		{0061B3EA-0C6C-4B35-BAA4-C946337A8CFE}.Debug|Any CPU.Build.0 = Debug|Any CPU
		{0061B3EA-0C6C-4B35-BAA4-C946337A8CFE}.Release|Any CPU.ActiveCfg = Release|Any CPU
		{0061B3EA-0C6C-4B35-BAA4-C946337A8CFE}.Release|Any CPU.Build.0 = Release|Any CPU
		{50D33A1C-2AD2-421C-BB60-266CCE27DDF0}.Debug|Any CPU.ActiveCfg = Debug|Any CPU
		{50D33A1C-2AD2-421C-BB60-266CCE27DDF0}.Debug|Any CPU.Build.0 = Debug|Any CPU
		{50D33A1C-2AD2-421C-BB60-266CCE27DDF0}.Release|Any CPU.ActiveCfg = Release|Any CPU
		{50D33A1C-2AD2-421C-BB60-266CCE27DDF0}.Release|Any CPU.Build.0 = Release|Any CPU
		{D91B8661-6172-4A5D-AC8A-79592CB78D59}.Debug|Any CPU.ActiveCfg = Debug|Any CPU
		{D91B8661-6172-4A5D-AC8A-79592CB78D59}.Debug|Any CPU.Build.0 = Debug|Any CPU
		{D91B8661-6172-4A5D-AC8A-79592CB78D59}.Release|Any CPU.ActiveCfg = Release|Any CPU
		{D91B8661-6172-4A5D-AC8A-79592CB78D59}.Release|Any CPU.Build.0 = Release|Any CPU
	EndGlobalSection
	GlobalSection(SolutionProperties) = preSolution
		HideSolutionNode = FALSE
	EndGlobalSection
	GlobalSection(ExtensibilityGlobals) = postSolution
		SolutionGuid = {2CB30989-2C44-4640-B4A2-A17F1F3050A6}
	EndGlobalSection
EndGlobal
